// !$*UTF8*$!
{
	archiveVersion = 1;
	classes = {
	};
	objectVersion = 46;
	objects = {

/* Begin PBXBuildFile section */
		148B9D3B3AF4B4119A318804 /* Pods_Jejumeet.framework in Frameworks */ = {isa = PBXBuildFile; fileRef = A4BA96CFA00D8A770A80D176 /* Pods_Jejumeet.framework */; };
		D72EB3E01EC99B5100C5AE05 /* jeju.png in Resources */ = {isa = PBXBuildFile; fileRef = D72EB3DF1EC99B5100C5AE05 /* jeju.png */; };
		D75626771EC707D100672686 /* AppDelegate.swift in Sources */ = {isa = PBXBuildFile; fileRef = D75626761EC707D100672686 /* AppDelegate.swift */; };
		D756267C1EC707D100672686 /* Main.storyboard in Resources */ = {isa = PBXBuildFile; fileRef = D756267A1EC707D100672686 /* Main.storyboard */; };
		D756267E1EC707D100672686 /* Assets.xcassets in Resources */ = {isa = PBXBuildFile; fileRef = D756267D1EC707D100672686 /* Assets.xcassets */; };
		D75626811EC707D100672686 /* LaunchScreen.storyboard in Resources */ = {isa = PBXBuildFile; fileRef = D756267F1EC707D100672686 /* LaunchScreen.storyboard */; };
		D756268A1EC709BF00672686 /* LoginVC.swift in Sources */ = {isa = PBXBuildFile; fileRef = D75626891EC709BF00672686 /* LoginVC.swift */; };
		D756268D1EC70C7B00672686 /* GoogleService-Info.plist in Resources */ = {isa = PBXBuildFile; fileRef = D756268C1EC70C7B00672686 /* GoogleService-Info.plist */; };
		D75626911EC717D700672686 /* RegistVC.swift in Sources */ = {isa = PBXBuildFile; fileRef = D75626901EC717D700672686 /* RegistVC.swift */; };
		D75626931EC717EA00672686 /* FindIdPwVC.swift in Sources */ = {isa = PBXBuildFile; fileRef = D75626921EC717EA00672686 /* FindIdPwVC.swift */; };
		D75626951EC71E9E00672686 /* MainSearchVC.swift in Sources */ = {isa = PBXBuildFile; fileRef = D75626941EC71E9E00672686 /* MainSearchVC.swift */; };
		D756269E1EC8380E00672686 /* SelectDateVC.swift in Sources */ = {isa = PBXBuildFile; fileRef = D756269D1EC8380E00672686 /* SelectDateVC.swift */; };
		D75626A01EC8414A00672686 /* TodoListVC.swift in Sources */ = {isa = PBXBuildFile; fileRef = D756269F1EC8414A00672686 /* TodoListVC.swift */; };
		D75626A21EC85B3000672686 /* GoogleMapVC.swift in Sources */ = {isa = PBXBuildFile; fileRef = D75626A11EC85B3000672686 /* GoogleMapVC.swift */; };
		D75626A41EC85DE400672686 /* TodoListWithMapVC.swift in Sources */ = {isa = PBXBuildFile; fileRef = D75626A31EC85DE400672686 /* TodoListWithMapVC.swift */; };
		D75626AB1EC86C5000672686 /* DetailTodoVC.swift in Sources */ = {isa = PBXBuildFile; fileRef = D75626AA1EC86C5000672686 /* DetailTodoVC.swift */; };
		D75626B11EC874DA00672686 /* MyTotoListTVC.swift in Sources */ = {isa = PBXBuildFile; fileRef = D75626B01EC874DA00672686 /* MyTotoListTVC.swift */; };
		D75626B31EC874EC00672686 /* SettingTVC.swift in Sources */ = {isa = PBXBuildFile; fileRef = D75626B21EC874EC00672686 /* SettingTVC.swift */; };
		D75626B81EC87CC400672686 /* no_Image.png in Resources */ = {isa = PBXBuildFile; fileRef = D75626B71EC87CC400672686 /* no_Image.png */; };
		D769BA5A1ECAEA0800F0DB9E /* WriteTodoVC.swift in Sources */ = {isa = PBXBuildFile; fileRef = D769BA591ECAEA0800F0DB9E /* WriteTodoVC.swift */; };
		D7B133951EE296E30048500F /* BuiltIn.swift in Sources */ = {isa = PBXBuildFile; fileRef = D7B133941EE296E30048500F /* BuiltIn.swift */; };
		D7B133971EE2B8780048500F /* TodoListCell.swift in Sources */ = {isa = PBXBuildFile; fileRef = D7B133961EE2B8770048500F /* TodoListCell.swift */; };
		D7D787301EDEF2AD0064E0EB /* RegistVC1.swift in Sources */ = {isa = PBXBuildFile; fileRef = D7D7872F1EDEF2AD0064E0EB /* RegistVC1.swift */; };
		D7D787321EDF11FF0064E0EB /* APIM.swift in Sources */ = {isa = PBXBuildFile; fileRef = D7D787311EDF11FF0064E0EB /* APIM.swift */; };
/* End PBXBuildFile section */

/* Begin PBXFileReference section */
		2952474C60BD7A0EF462C2F7 /* Pods-Jejumeet.debug.xcconfig */ = {isa = PBXFileReference; includeInIndex = 1; lastKnownFileType = text.xcconfig; name = "Pods-Jejumeet.debug.xcconfig"; path = "Pods/Target Support Files/Pods-Jejumeet/Pods-Jejumeet.debug.xcconfig"; sourceTree = "<group>"; };
		42CE27BB7BC0ECCFE5ADCDD9 /* Pods-Jejumeet.release.xcconfig */ = {isa = PBXFileReference; includeInIndex = 1; lastKnownFileType = text.xcconfig; name = "Pods-Jejumeet.release.xcconfig"; path = "Pods/Target Support Files/Pods-Jejumeet/Pods-Jejumeet.release.xcconfig"; sourceTree = "<group>"; };
		A4BA96CFA00D8A770A80D176 /* Pods_Jejumeet.framework */ = {isa = PBXFileReference; explicitFileType = wrapper.framework; includeInIndex = 0; path = Pods_Jejumeet.framework; sourceTree = BUILT_PRODUCTS_DIR; };
		D72EB3DF1EC99B5100C5AE05 /* jeju.png */ = {isa = PBXFileReference; lastKnownFileType = image.png; path = jeju.png; sourceTree = "<group>"; };
		D75626731EC707D100672686 /* Jejumeet.app */ = {isa = PBXFileReference; explicitFileType = wrapper.application; includeInIndex = 0; path = Jejumeet.app; sourceTree = BUILT_PRODUCTS_DIR; };
		D75626761EC707D100672686 /* AppDelegate.swift */ = {isa = PBXFileReference; lastKnownFileType = sourcecode.swift; path = AppDelegate.swift; sourceTree = "<group>"; };
		D756267B1EC707D100672686 /* Base */ = {isa = PBXFileReference; lastKnownFileType = file.storyboard; name = Base; path = Base.lproj/Main.storyboard; sourceTree = "<group>"; };
		D756267D1EC707D100672686 /* Assets.xcassets */ = {isa = PBXFileReference; lastKnownFileType = folder.assetcatalog; path = Assets.xcassets; sourceTree = "<group>"; };
		D75626801EC707D100672686 /* Base */ = {isa = PBXFileReference; lastKnownFileType = file.storyboard; name = Base; path = Base.lproj/LaunchScreen.storyboard; sourceTree = "<group>"; };
		D75626821EC707D100672686 /* Info.plist */ = {isa = PBXFileReference; lastKnownFileType = text.plist.xml; path = Info.plist; sourceTree = "<group>"; };
		D75626891EC709BF00672686 /* LoginVC.swift */ = {isa = PBXFileReference; fileEncoding = 4; lastKnownFileType = sourcecode.swift; path = LoginVC.swift; sourceTree = "<group>"; };
		D756268C1EC70C7B00672686 /* GoogleService-Info.plist */ = {isa = PBXFileReference; fileEncoding = 4; lastKnownFileType = text.plist.xml; path = "GoogleService-Info.plist"; sourceTree = "<group>"; };
		D75626901EC717D700672686 /* RegistVC.swift */ = {isa = PBXFileReference; fileEncoding = 4; lastKnownFileType = sourcecode.swift; path = RegistVC.swift; sourceTree = "<group>"; };
		D75626921EC717EA00672686 /* FindIdPwVC.swift */ = {isa = PBXFileReference; fileEncoding = 4; lastKnownFileType = sourcecode.swift; path = FindIdPwVC.swift; sourceTree = "<group>"; };
		D75626941EC71E9E00672686 /* MainSearchVC.swift */ = {isa = PBXFileReference; fileEncoding = 4; lastKnownFileType = sourcecode.swift; path = MainSearchVC.swift; sourceTree = "<group>"; };
		D756269D1EC8380E00672686 /* SelectDateVC.swift */ = {isa = PBXFileReference; fileEncoding = 4; lastKnownFileType = sourcecode.swift; path = SelectDateVC.swift; sourceTree = "<group>"; };
		D756269F1EC8414A00672686 /* TodoListVC.swift */ = {isa = PBXFileReference; fileEncoding = 4; lastKnownFileType = sourcecode.swift; path = TodoListVC.swift; sourceTree = "<group>"; };
		D75626A11EC85B3000672686 /* GoogleMapVC.swift */ = {isa = PBXFileReference; fileEncoding = 4; lastKnownFileType = sourcecode.swift; path = GoogleMapVC.swift; sourceTree = "<group>"; };
		D75626A31EC85DE400672686 /* TodoListWithMapVC.swift */ = {isa = PBXFileReference; fileEncoding = 4; lastKnownFileType = sourcecode.swift; path = TodoListWithMapVC.swift; sourceTree = "<group>"; };
		D75626AA1EC86C5000672686 /* DetailTodoVC.swift */ = {isa = PBXFileReference; fileEncoding = 4; lastKnownFileType = sourcecode.swift; path = DetailTodoVC.swift; sourceTree = "<group>"; };
		D75626B01EC874DA00672686 /* MyTotoListTVC.swift */ = {isa = PBXFileReference; fileEncoding = 4; lastKnownFileType = sourcecode.swift; name = MyTotoListTVC.swift; path = ../MyTotoListTVC.swift; sourceTree = "<group>"; };
		D75626B21EC874EC00672686 /* SettingTVC.swift */ = {isa = PBXFileReference; fileEncoding = 4; lastKnownFileType = sourcecode.swift; path = SettingTVC.swift; sourceTree = "<group>"; };
		D75626B71EC87CC400672686 /* no_Image.png */ = {isa = PBXFileReference; lastKnownFileType = image.png; path = no_Image.png; sourceTree = "<group>"; };
		D769BA591ECAEA0800F0DB9E /* WriteTodoVC.swift */ = {isa = PBXFileReference; fileEncoding = 4; lastKnownFileType = sourcecode.swift; path = WriteTodoVC.swift; sourceTree = "<group>"; };
		D7B133941EE296E30048500F /* BuiltIn.swift */ = {isa = PBXFileReference; fileEncoding = 4; lastKnownFileType = sourcecode.swift; path = BuiltIn.swift; sourceTree = "<group>"; };
		D7B133961EE2B8770048500F /* TodoListCell.swift */ = {isa = PBXFileReference; fileEncoding = 4; lastKnownFileType = sourcecode.swift; path = TodoListCell.swift; sourceTree = "<group>"; };
		D7D7872F1EDEF2AD0064E0EB /* RegistVC1.swift */ = {isa = PBXFileReference; fileEncoding = 4; lastKnownFileType = sourcecode.swift; path = RegistVC1.swift; sourceTree = "<group>"; };
		D7D787311EDF11FF0064E0EB /* APIM.swift */ = {isa = PBXFileReference; fileEncoding = 4; lastKnownFileType = sourcecode.swift; path = APIM.swift; sourceTree = "<group>"; };
/* End PBXFileReference section */

/* Begin PBXFrameworksBuildPhase section */
		D75626701EC707D100672686 /* Frameworks */ = {
			isa = PBXFrameworksBuildPhase;
			buildActionMask = 2147483647;
			files = (
				148B9D3B3AF4B4119A318804 /* Pods_Jejumeet.framework in Frameworks */,
			);
			runOnlyForDeploymentPostprocessing = 0;
		};
/* End PBXFrameworksBuildPhase section */

/* Begin PBXGroup section */
		2C3FC741F1B67D9C100313D9 /* Pods */ = {
			isa = PBXGroup;
			children = (
				2952474C60BD7A0EF462C2F7 /* Pods-Jejumeet.debug.xcconfig */,
				42CE27BB7BC0ECCFE5ADCDD9 /* Pods-Jejumeet.release.xcconfig */,
			);
			name = Pods;
			sourceTree = "<group>";
		};
		5DF4C90C1D1691EB68465501 /* Frameworks */ = {
			isa = PBXGroup;
			children = (
				A4BA96CFA00D8A770A80D176 /* Pods_Jejumeet.framework */,
			);
			name = Frameworks;
			sourceTree = "<group>";
		};
		D756266A1EC707D100672686 = {
			isa = PBXGroup;
			children = (
				D75626751EC707D100672686 /* Jejumeet */,
				D75626741EC707D100672686 /* Products */,
				2C3FC741F1B67D9C100313D9 /* Pods */,
				5DF4C90C1D1691EB68465501 /* Frameworks */,
			);
			sourceTree = "<group>";
		};
		D75626741EC707D100672686 /* Products */ = {
			isa = PBXGroup;
			children = (
				D75626731EC707D100672686 /* Jejumeet.app */,
			);
			name = Products;
			sourceTree = "<group>";
		};
		D75626751EC707D100672686 /* Jejumeet */ = {
			isa = PBXGroup;
			children = (
				D756268C1EC70C7B00672686 /* GoogleService-Info.plist */,
				D75626B01EC874DA00672686 /* MyTotoListTVC.swift */,
				D75626A51EC866CC00672686 /* Resources */,
				D75626881EC7099B00672686 /* Support Files */,
				D756267A1EC707D100672686 /* Main.storyboard */,
				D756268B1EC709C600672686 /* Login */,
				D75626961EC71EAB00672686 /* Search */,
				D75626B61EC878AF00672686 /* Setting */,
				D769BA591ECAEA0800F0DB9E /* WriteTodoVC.swift */,
				D7D787311EDF11FF0064E0EB /* APIM.swift */,
			);
			path = Jejumeet;
			sourceTree = "<group>";
		};
		D75626881EC7099B00672686 /* Support Files */ = {
			isa = PBXGroup;
			children = (
				D75626761EC707D100672686 /* AppDelegate.swift */,
				D756267D1EC707D100672686 /* Assets.xcassets */,
				D756267F1EC707D100672686 /* LaunchScreen.storyboard */,
				D75626821EC707D100672686 /* Info.plist */,
			);
			name = "Support Files";
			sourceTree = "<group>";
		};
		D756268B1EC709C600672686 /* Login */ = {
			isa = PBXGroup;
			children = (
				D75626891EC709BF00672686 /* LoginVC.swift */,
				D75626901EC717D700672686 /* RegistVC.swift */,
				D75626921EC717EA00672686 /* FindIdPwVC.swift */,
				D7D7872F1EDEF2AD0064E0EB /* RegistVC1.swift */,
			);
			name = Login;
			sourceTree = "<group>";
		};
		D75626961EC71EAB00672686 /* Search */ = {
			isa = PBXGroup;
			children = (
				D75626941EC71E9E00672686 /* MainSearchVC.swift */,
				D756269D1EC8380E00672686 /* SelectDateVC.swift */,
				D756269F1EC8414A00672686 /* TodoListVC.swift */,
				D75626A11EC85B3000672686 /* GoogleMapVC.swift */,
				D75626A31EC85DE400672686 /* TodoListWithMapVC.swift */,
				D75626AA1EC86C5000672686 /* DetailTodoVC.swift */,
				D7B133941EE296E30048500F /* BuiltIn.swift */,
				D7B133961EE2B8770048500F /* TodoListCell.swift */,
			);
			name = Search;
			sourceTree = "<group>";
		};
		D75626A51EC866CC00672686 /* Resources */ = {
			isa = PBXGroup;
			children = (
				D72EB3DF1EC99B5100C5AE05 /* jeju.png */,
				D75626B71EC87CC400672686 /* no_Image.png */,
			);
			name = Resources;
			sourceTree = "<group>";
		};
		D75626B61EC878AF00672686 /* Setting */ = {
			isa = PBXGroup;
			children = (
				D75626B21EC874EC00672686 /* SettingTVC.swift */,
			);
			name = Setting;
			sourceTree = "<group>";
		};
/* End PBXGroup section */

/* Begin PBXNativeTarget section */
		D75626721EC707D100672686 /* Jejumeet */ = {
			isa = PBXNativeTarget;
			buildConfigurationList = D75626851EC707D100672686 /* Build configuration list for PBXNativeTarget "Jejumeet" */;
			buildPhases = (
				619BC10DCCB5761C9918C149 /* [CP] Check Pods Manifest.lock */,
				D756266F1EC707D100672686 /* Sources */,
				D75626701EC707D100672686 /* Frameworks */,
				D75626711EC707D100672686 /* Resources */,
				C54C9AE36F08FCF704A22B92 /* [CP] Embed Pods Frameworks */,
				F81621790928E35E0F7090A5 /* [CP] Copy Pods Resources */,
			);
			buildRules = (
			);
			dependencies = (
			);
			name = Jejumeet;
			productName = Jejumeet;
			productReference = D75626731EC707D100672686 /* Jejumeet.app */;
			productType = "com.apple.product-type.application";
		};
/* End PBXNativeTarget section */

/* Begin PBXProject section */
		D756266B1EC707D100672686 /* Project object */ = {
			isa = PBXProject;
			attributes = {
				LastSwiftUpdateCheck = 0830;
				LastUpgradeCheck = 0830;
				ORGANIZATIONNAME = jwh;
				TargetAttributes = {
					D75626721EC707D100672686 = {
						CreatedOnToolsVersion = 8.3.2;
						DevelopmentTeam = 35NV7Y89N8;
						ProvisioningStyle = Automatic;
					};
				};
			};
			buildConfigurationList = D756266E1EC707D100672686 /* Build configuration list for PBXProject "Jejumeet" */;
			compatibilityVersion = "Xcode 3.2";
			developmentRegion = English;
			hasScannedForEncodings = 0;
			knownRegions = (
				en,
				Base,
			);
			mainGroup = D756266A1EC707D100672686;
			productRefGroup = D75626741EC707D100672686 /* Products */;
			projectDirPath = "";
			projectRoot = "";
			targets = (
				D75626721EC707D100672686 /* Jejumeet */,
			);
		};
/* End PBXProject section */

/* Begin PBXResourcesBuildPhase section */
		D75626711EC707D100672686 /* Resources */ = {
			isa = PBXResourcesBuildPhase;
			buildActionMask = 2147483647;
			files = (
				D75626811EC707D100672686 /* LaunchScreen.storyboard in Resources */,
				D75626B81EC87CC400672686 /* no_Image.png in Resources */,
				D756268D1EC70C7B00672686 /* GoogleService-Info.plist in Resources */,
				D756267E1EC707D100672686 /* Assets.xcassets in Resources */,
				D756267C1EC707D100672686 /* Main.storyboard in Resources */,
				D72EB3E01EC99B5100C5AE05 /* jeju.png in Resources */,
			);
			runOnlyForDeploymentPostprocessing = 0;
		};
/* End PBXResourcesBuildPhase section */

/* Begin PBXShellScriptBuildPhase section */
		619BC10DCCB5761C9918C149 /* [CP] Check Pods Manifest.lock */ = {
			isa = PBXShellScriptBuildPhase;
			buildActionMask = 2147483647;
			files = (
			);
			inputPaths = (
			);
			name = "[CP] Check Pods Manifest.lock";
			outputPaths = (
			);
			runOnlyForDeploymentPostprocessing = 0;
			shellPath = /bin/sh;
			shellScript = "diff \"${PODS_PODFILE_DIR_PATH}/Podfile.lock\" \"${PODS_ROOT}/Manifest.lock\" > /dev/null\nif [ $? != 0 ] ; then\n    # print error to STDERR\n    echo \"error: The sandbox is not in sync with the Podfile.lock. Run 'pod install' or update your CocoaPods installation.\" >&2\n    exit 1\nfi\n";
			showEnvVarsInLog = 0;
		};
		C54C9AE36F08FCF704A22B92 /* [CP] Embed Pods Frameworks */ = {
			isa = PBXShellScriptBuildPhase;
			buildActionMask = 2147483647;
			files = (
			);
			inputPaths = (
			);
			name = "[CP] Embed Pods Frameworks";
			outputPaths = (
			);
			runOnlyForDeploymentPostprocessing = 0;
			shellPath = /bin/sh;
			shellScript = "\"${SRCROOT}/Pods/Target Support Files/Pods-Jejumeet/Pods-Jejumeet-frameworks.sh\"\n";
			showEnvVarsInLog = 0;
		};
		F81621790928E35E0F7090A5 /* [CP] Copy Pods Resources */ = {
			isa = PBXShellScriptBuildPhase;
			buildActionMask = 2147483647;
			files = (
			);
			inputPaths = (
			);
			name = "[CP] Copy Pods Resources";
			outputPaths = (
			);
			runOnlyForDeploymentPostprocessing = 0;
			shellPath = /bin/sh;
			shellScript = "\"${SRCROOT}/Pods/Target Support Files/Pods-Jejumeet/Pods-Jejumeet-resources.sh\"\n";
			showEnvVarsInLog = 0;
		};
/* End PBXShellScriptBuildPhase section */

/* Begin PBXSourcesBuildPhase section */
		D756266F1EC707D100672686 /* Sources */ = {
			isa = PBXSourcesBuildPhase;
			buildActionMask = 2147483647;
			files = (
				D75626B11EC874DA00672686 /* MyTotoListTVC.swift in Sources */,
				D7B133951EE296E30048500F /* BuiltIn.swift in Sources */,
				D75626A21EC85B3000672686 /* GoogleMapVC.swift in Sources */,
				D756268A1EC709BF00672686 /* LoginVC.swift in Sources */,
				D769BA5A1ECAEA0800F0DB9E /* WriteTodoVC.swift in Sources */,
				D7B133971EE2B8780048500F /* TodoListCell.swift in Sources */,
				D75626931EC717EA00672686 /* FindIdPwVC.swift in Sources */,
				D75626911EC717D700672686 /* RegistVC.swift in Sources */,
				D75626771EC707D100672686 /* AppDelegate.swift in Sources */,
				D75626B31EC874EC00672686 /* SettingTVC.swift in Sources */,
				D7D787301EDEF2AD0064E0EB /* RegistVC1.swift in Sources */,
				D75626A01EC8414A00672686 /* TodoListVC.swift in Sources */,
				D75626A41EC85DE400672686 /* TodoListWithMapVC.swift in Sources */,
				D756269E1EC8380E00672686 /* SelectDateVC.swift in Sources */,
				D75626951EC71E9E00672686 /* MainSearchVC.swift in Sources */,
				D7D787321EDF11FF0064E0EB /* APIM.swift in Sources */,
				D75626AB1EC86C5000672686 /* DetailTodoVC.swift in Sources */,
			);
			runOnlyForDeploymentPostprocessing = 0;
		};
/* End PBXSourcesBuildPhase section */

/* Begin PBXVariantGroup section */
		D756267A1EC707D100672686 /* Main.storyboard */ = {
			isa = PBXVariantGroup;
			children = (
				D756267B1EC707D100672686 /* Base */,
			);
			name = Main.storyboard;
			sourceTree = "<group>";
		};
		D756267F1EC707D100672686 /* LaunchScreen.storyboard */ = {
			isa = PBXVariantGroup;
			children = (
				D75626801EC707D100672686 /* Base */,
			);
			name = LaunchScreen.storyboard;
			sourceTree = "<group>";
		};
/* End PBXVariantGroup section */

/* Begin XCBuildConfiguration section */
		D75626831EC707D100672686 /* Debug */ = {
			isa = XCBuildConfiguration;
			buildSettings = {
				ALWAYS_SEARCH_USER_PATHS = NO;
				CLANG_ANALYZER_NONNULL = YES;
				CLANG_ANALYZER_NUMBER_OBJECT_CONVERSION = YES_AGGRESSIVE;
				CLANG_CXX_LANGUAGE_STANDARD = "gnu++0x";
				CLANG_CXX_LIBRARY = "libc++";
				CLANG_ENABLE_MODULES = YES;
				CLANG_ENABLE_OBJC_ARC = YES;
				CLANG_WARN_BOOL_CONVERSION = YES;
				CLANG_WARN_CONSTANT_CONVERSION = YES;
				CLANG_WARN_DIRECT_OBJC_ISA_USAGE = YES_ERROR;
				CLANG_WARN_DOCUMENTATION_COMMENTS = YES;
				CLANG_WARN_EMPTY_BODY = YES;
				CLANG_WARN_ENUM_CONVERSION = YES;
				CLANG_WARN_INFINITE_RECURSION = YES;
				CLANG_WARN_INT_CONVERSION = YES;
				CLANG_WARN_OBJC_ROOT_CLASS = YES_ERROR;
				CLANG_WARN_SUSPICIOUS_MOVE = YES;
				CLANG_WARN_UNREACHABLE_CODE = YES;
				CLANG_WARN__DUPLICATE_METHOD_MATCH = YES;
				"CODE_SIGN_IDENTITY[sdk=iphoneos*]" = "iPhone Developer";
				COPY_PHASE_STRIP = NO;
				DEBUG_INFORMATION_FORMAT = dwarf;
				ENABLE_STRICT_OBJC_MSGSEND = YES;
				ENABLE_TESTABILITY = YES;
				GCC_C_LANGUAGE_STANDARD = gnu99;
				GCC_DYNAMIC_NO_PIC = NO;
				GCC_NO_COMMON_BLOCKS = YES;
				GCC_OPTIMIZATION_LEVEL = 0;
				GCC_PREPROCESSOR_DEFINITIONS = (
					"DEBUG=1",
					"$(inherited)",
				);
				GCC_WARN_64_TO_32_BIT_CONVERSION = YES;
				GCC_WARN_ABOUT_RETURN_TYPE = YES_ERROR;
				GCC_WARN_UNDECLARED_SELECTOR = YES;
				GCC_WARN_UNINITIALIZED_AUTOS = YES_AGGRESSIVE;
				GCC_WARN_UNUSED_FUNCTION = YES;
				GCC_WARN_UNUSED_VARIABLE = YES;
				IPHONEOS_DEPLOYMENT_TARGET = 10.3;
				MTL_ENABLE_DEBUG_INFO = YES;
				ONLY_ACTIVE_ARCH = YES;
				SDKROOT = iphoneos;
				SWIFT_ACTIVE_COMPILATION_CONDITIONS = DEBUG;
				SWIFT_OPTIMIZATION_LEVEL = "-Onone";
			};
			name = Debug;
		};
		D75626841EC707D100672686 /* Release */ = {
			isa = XCBuildConfiguration;
			buildSettings = {
				ALWAYS_SEARCH_USER_PATHS = NO;
				CLANG_ANALYZER_NONNULL = YES;
				CLANG_ANALYZER_NUMBER_OBJECT_CONVERSION = YES_AGGRESSIVE;
				CLANG_CXX_LANGUAGE_STANDARD = "gnu++0x";
				CLANG_CXX_LIBRARY = "libc++";
				CLANG_ENABLE_MODULES = YES;
				CLANG_ENABLE_OBJC_ARC = YES;
				CLANG_WARN_BOOL_CONVERSION = YES;
				CLANG_WARN_CONSTANT_CONVERSION = YES;
				CLANG_WARN_DIRECT_OBJC_ISA_USAGE = YES_ERROR;
				CLANG_WARN_DOCUMENTATION_COMMENTS = YES;
				CLANG_WARN_EMPTY_BODY = YES;
				CLANG_WARN_ENUM_CONVERSION = YES;
				CLANG_WARN_INFINITE_RECURSION = YES;
				CLANG_WARN_INT_CONVERSION = YES;
				CLANG_WARN_OBJC_ROOT_CLASS = YES_ERROR;
				CLANG_WARN_SUSPICIOUS_MOVE = YES;
				CLANG_WARN_UNREACHABLE_CODE = YES;
				CLANG_WARN__DUPLICATE_METHOD_MATCH = YES;
				"CODE_SIGN_IDENTITY[sdk=iphoneos*]" = "iPhone Developer";
				COPY_PHASE_STRIP = NO;
				DEBUG_INFORMATION_FORMAT = "dwarf-with-dsym";
				ENABLE_NS_ASSERTIONS = NO;
				ENABLE_STRICT_OBJC_MSGSEND = YES;
				GCC_C_LANGUAGE_STANDARD = gnu99;
				GCC_NO_COMMON_BLOCKS = YES;
				GCC_WARN_64_TO_32_BIT_CONVERSION = YES;
				GCC_WARN_ABOUT_RETURN_TYPE = YES_ERROR;
				GCC_WARN_UNDECLARED_SELECTOR = YES;
				GCC_WARN_UNINITIALIZED_AUTOS = YES_AGGRESSIVE;
				GCC_WARN_UNUSED_FUNCTION = YES;
				GCC_WARN_UNUSED_VARIABLE = YES;
				IPHONEOS_DEPLOYMENT_TARGET = 10.3;
				MTL_ENABLE_DEBUG_INFO = NO;
				SDKROOT = iphoneos;
				SWIFT_OPTIMIZATION_LEVEL = "-Owholemodule";
				VALIDATE_PRODUCT = YES;
			};
			name = Release;
		};
		D75626861EC707D100672686 /* Debug */ = {
			isa = XCBuildConfiguration;
			baseConfigurationReference = 2952474C60BD7A0EF462C2F7 /* Pods-Jejumeet.debug.xcconfig */;
			buildSettings = {
				ASSETCATALOG_COMPILER_APPICON_NAME = AppIcon;
				DEVELOPMENT_TEAM = 35NV7Y89N8;
				INFOPLIST_FILE = Jejumeet/Info.plist;
				LD_RUNPATH_SEARCH_PATHS = "$(inherited) @executable_path/Frameworks";
				PRODUCT_BUNDLE_IDENTIFIER = l.Jejumeet.jwhPjt;
				PRODUCT_NAME = "$(TARGET_NAME)";
				SWIFT_VERSION = 3.0;
			};
			name = Debug;
		};
		D75626871EC707D100672686 /* Release */ = {
			isa = XCBuildConfiguration;
			baseConfigurationReference = 42CE27BB7BC0ECCFE5ADCDD9 /* Pods-Jejumeet.release.xcconfig */;
			buildSettings = {
				ASSETCATALOG_COMPILER_APPICON_NAME = AppIcon;
				DEVELOPMENT_TEAM = 35NV7Y89N8;
				INFOPLIST_FILE = Jejumeet/Info.plist;
				LD_RUNPATH_SEARCH_PATHS = "$(inherited) @executable_path/Frameworks";
				PRODUCT_BUNDLE_IDENTIFIER = l.Jejumeet.jwhPjt;
				PRODUCT_NAME = "$(TARGET_NAME)";
				SWIFT_VERSION = 3.0;
			};
			name = Release;
		};
/* End XCBuildConfiguration section */

/* Begin XCConfigurationList section */
		D756266E1EC707D100672686 /* Build configuration list for PBXProject "Jejumeet" */ = {
			isa = XCConfigurationList;
			buildConfigurations = (
				D75626831EC707D100672686 /* Debug */,
				D75626841EC707D100672686 /* Release */,
			);
			defaultConfigurationIsVisible = 0;
			defaultConfigurationName = Release;
		};
		D75626851EC707D100672686 /* Build configuration list for PBXNativeTarget "Jejumeet" */ = {
			isa = XCConfigurationList;
			buildConfigurations = (
				D75626861EC707D100672686 /* Debug */,
				D75626871EC707D100672686 /* Release */,
			);
			defaultConfigurationIsVisible = 0;
			defaultConfigurationName = Release;
		};
/* End XCConfigurationList section */
	};
	rootObject = D756266B1EC707D100672686 /* Project object */;
}
